
Microsoft Visual Studio Solution File, Format Version 12.00
# Visual Studio Version 17
VisualStudioVersion = 17.4.33403.182
MinimumVisualStudioVersion = 10.0.40219.1
Project("{9A19103F-16F7-4668-BE54-9A1E7A4F7556}") = "Microsservices.API", "Microsservices\Microsservices.API.csproj", "{7907D2C0-B159-42A6-80BB-D9AF62CF7862}"
	ProjectSection(ProjectDependencies) = postProject
		{786DF0E2-E735-43CC-89E7-47B1FF68D8FA} = {786DF0E2-E735-43CC-89E7-47B1FF68D8FA}
	EndProjectSection
EndProject
Project("{9A19103F-16F7-4668-BE54-9A1E7A4F7556}") = "Microsservices.Core", "Microsservices.Core\Microsservices.Core.csproj", "{E7F0ED2B-6703-45DB-B123-C0EA8F4B5721}"
EndProject
Project("{9A19103F-16F7-4668-BE54-9A1E7A4F7556}") = "Microsservices.Application", "Microsservices.Application\Microsservices.Application.csproj", "{786DF0E2-E735-43CC-89E7-47B1FF68D8FA}"
EndProject
Project("{9A19103F-16F7-4668-BE54-9A1E7A4F7556}") = "Microsservices.Infra", "Microsservices.Infra\Microsservices.Infra.csproj", "{C3DD926A-86F1-498C-86D2-C9EF47F23EF4}"
EndProject
Global
	GlobalSection(SolutionConfigurationPlatforms) = preSolution
		Debug|Any CPU = Debug|Any CPU
		Release|Any CPU = Release|Any CPU
	EndGlobalSection
	GlobalSection(ProjectConfigurationPlatforms) = postSolution
		{7907D2C0-B159-42A6-80BB-D9AF62CF7862}.Debug|Any CPU.ActiveCfg = Debug|Any CPU
		{7907D2C0-B159-42A6-80BB-D9AF62CF7862}.Debug|Any CPU.Build.0 = Debug|Any CPU
		{7907D2C0-B159-42A6-80BB-D9AF62CF7862}.Release|Any CPU.ActiveCfg = Release|Any CPU
		{7907D2C0-B159-42A6-80BB-D9AF62CF7862}.Release|Any CPU.Build.0 = Release|Any CPU
		{E7F0ED2B-6703-45DB-B123-C0EA8F4B5721}.Debug|Any CPU.ActiveCfg = Debug|Any CPU
		{E7F0ED2B-6703-45DB-B123-C0EA8F4B5721}.Debug|Any CPU.Build.0 = Debug|Any CPU
		{E7F0ED2B-6703-45DB-B123-C0EA8F4B5721}.Release|Any CPU.ActiveCfg = Release|Any CPU
		{E7F0ED2B-6703-45DB-B123-C0EA8F4B5721}.Release|Any CPU.Build.0 = Release|Any CPU
		{786DF0E2-E735-43CC-89E7-47B1FF68D8FA}.Debug|Any CPU.ActiveCfg = Debug|Any CPU
		{786DF0E2-E735-43CC-89E7-47B1FF68D8FA}.Debug|Any CPU.Build.0 = Debug|Any CPU
		{786DF0E2-E735-43CC-89E7-47B1FF68D8FA}.Release|Any CPU.ActiveCfg = Release|Any CPU
		{786DF0E2-E735-43CC-89E7-47B1FF68D8FA}.Release|Any CPU.Build.0 = Release|Any CPU
		{C3DD926A-86F1-498C-86D2-C9EF47F23EF4}.Debug|Any CPU.ActiveCfg = Debug|Any CPU
		{C3DD926A-86F1-498C-86D2-C9EF47F23EF4}.Debug|Any CPU.Build.0 = Debug|Any CPU
		{C3DD926A-86F1-498C-86D2-C9EF47F23EF4}.Release|Any CPU.ActiveCfg = Release|Any CPU
		{C3DD926A-86F1-498C-86D2-C9EF47F23EF4}.Release|Any CPU.Build.0 = Release|Any CPU
	EndGlobalSection
	GlobalSection(SolutionProperties) = preSolution
		HideSolutionNode = FALSE
	EndGlobalSection
	GlobalSection(ExtensibilityGlobals) = postSolution
		SolutionGuid = {EADFD045-01E5-4335-B578-C341B23BFBD2}
	EndGlobalSection
EndGlobal
